
Microsoft Visual Studio Solution File, Format Version 12.00
# Visual Studio Version 17
VisualStudioVersion = 17.1.32104.313
MinimumVisualStudioVersion = 10.0.40219.1
Project("{2150E333-8FDC-42A3-9474-1A3956D46DE8}") = "src", "src", "{B9DF4951-E6BA-41E3-A961-A5D55B2EA75D}"
EndProject
Project("{2150E333-8FDC-42A3-9474-1A3956D46DE8}") = "Identity", "Identity", "{C763FD01-28F5-413E-A3DA-CEEBCD38E878}"
EndProject
Project("{FAE04EC0-301F-11D3-BF4B-00C04F79EFBC}") = "Zeni.Services.Identity.Api", "Zeni.Services.Identity.Api\Zeni.Services.Identity.Api.csproj", "{C1F69A74-9AF8-49EB-B650-84A1990EFF00}"
EndProject
Global
	GlobalSection(SolutionConfigurationPlatforms) = preSolution
		Debug|Any CPU = Debug|Any CPU
		Release|Any CPU = Release|Any CPU
	EndGlobalSection
	GlobalSection(ProjectConfigurationPlatforms) = postSolution
		{C1F69A74-9AF8-49EB-B650-84A1990EFF00}.Debug|Any CPU.ActiveCfg = Debug|Any CPU
		{C1F69A74-9AF8-49EB-B650-84A1990EFF00}.Debug|Any CPU.Build.0 = Debug|Any CPU
		{C1F69A74-9AF8-49EB-B650-84A1990EFF00}.Release|Any CPU.ActiveCfg = Release|Any CPU
		{C1F69A74-9AF8-49EB-B650-84A1990EFF00}.Release|Any CPU.Build.0 = Release|Any CPU
	EndGlobalSection
	GlobalSection(SolutionProperties) = preSolution
		HideSolutionNode = FALSE
	EndGlobalSection
	GlobalSection(NestedProjects) = preSolution
		{C763FD01-28F5-413E-A3DA-CEEBCD38E878} = {B9DF4951-E6BA-41E3-A961-A5D55B2EA75D}
		{C1F69A74-9AF8-49EB-B650-84A1990EFF00} = {C763FD01-28F5-413E-A3DA-CEEBCD38E878}
	EndGlobalSection
	GlobalSection(ExtensibilityGlobals) = postSolution
		SolutionGuid = {D94A7DED-25B9-4484-A453-046F71C50628}
	EndGlobalSection
EndGlobal
